
Microsoft Visual Studio Solution File, Format Version 12.00
# Visual Studio 15
VisualStudioVersion = 15.0.27130.2036
MinimumVisualStudioVersion = 10.0.40219.1
Project("{8BC9CEB8-8B4A-11D0-8D11-00A0C91BC942}") = "PABS", "PABS.vcxproj", "{325E69D1-6743-4409-B379-EF609B6BD539}"
EndProject
Project("{8BC9CEB8-8B4A-11D0-8D11-00A0C91BC942}") = "PABS_test", "PABS_test\PABS_test.vcxproj", "{C5F80730-F44F-4478-BDAE-6634EFC2CA88}"
EndProject
Project("{8BC9CEB8-8B4A-11D0-8D11-00A0C91BC942}") = "LedControl", "C:\Users\Lipotam\Documents\Arduino\libraries\LedControl\LedControl.vcxitems", "{F88DA1E6-F3BB-4C0E-90D2-63ED80FDC876}"
EndProject
Global
	GlobalSection(SolutionConfigurationPlatforms) = preSolution
		Debug|Win32 = Debug|Win32
		Release|Win32 = Release|Win32
	EndGlobalSection
	GlobalSection(ProjectConfigurationPlatforms) = postSolution
		{325E69D1-6743-4409-B379-EF609B6BD539}.Debug|Win32.ActiveCfg = Debug|Win32
		{325E69D1-6743-4409-B379-EF609B6BD539}.Debug|Win32.Build.0 = Debug|Win32
		{325E69D1-6743-4409-B379-EF609B6BD539}.Release|Win32.ActiveCfg = Release|Win32
		{325E69D1-6743-4409-B379-EF609B6BD539}.Release|Win32.Build.0 = Release|Win32
		{C5F80730-F44F-4478-BDAE-6634EFC2CA88}.Debug|Win32.ActiveCfg = Debug|Win32
		{C5F80730-F44F-4478-BDAE-6634EFC2CA88}.Debug|Win32.Build.0 = Debug|Win32
		{C5F80730-F44F-4478-BDAE-6634EFC2CA88}.Release|Win32.ActiveCfg = Release|Win32
		{C5F80730-F44F-4478-BDAE-6634EFC2CA88}.Release|Win32.Build.0 = Release|Win32
	EndGlobalSection
	GlobalSection(SolutionProperties) = preSolution
		HideSolutionNode = FALSE
	EndGlobalSection
	GlobalSection(ExtensibilityGlobals) = postSolution
		SolutionGuid = {91D056E1-DAC9-4B65-9266-A34845EFA988}
	EndGlobalSection
EndGlobal
