
Microsoft Visual Studio Solution File, Format Version 12.00
# Visual Studio 14
VisualStudioVersion = 14.0.25420.1
MinimumVisualStudioVersion = 10.0.40219.1
Project("{8BC9CEB8-8B4A-11D0-8D11-00A0C91BC942}") = "PABS", "PABS.vcxproj", "{325E69D1-6743-4409-B379-EF609B6BD539}"
EndProject
Project("{8BC9CEB8-8B4A-11D0-8D11-00A0C91BC942}") = "EnableInterrupt", "C:\Users\Lipot\Documents\Arduino\libraries\EnableInterrupt\EnableInterrupt.vcxitems", "{664A7F8B-7B3B-430A-A9BA-7C9F1ABF0F82}"
EndProject
Global
	GlobalSection(SolutionConfigurationPlatforms) = preSolution
		Debug|Win32 = Debug|Win32
		Release|Win32 = Release|Win32
	EndGlobalSection
	GlobalSection(ProjectConfigurationPlatforms) = postSolution
		{325E69D1-6743-4409-B379-EF609B6BD539}.Debug|Win32.ActiveCfg = Debug|Win32
		{325E69D1-6743-4409-B379-EF609B6BD539}.Debug|Win32.Build.0 = Debug|Win32
		{325E69D1-6743-4409-B379-EF609B6BD539}.Release|Win32.ActiveCfg = Release|Win32
		{325E69D1-6743-4409-B379-EF609B6BD539}.Release|Win32.Build.0 = Release|Win32
	EndGlobalSection
	GlobalSection(SolutionProperties) = preSolution
		HideSolutionNode = FALSE
	EndGlobalSection
EndGlobal
